// !$*UTF8*$!
{
	archiveVersion = 1;
	classes = {
	};
	objectVersion = 56;
	objects = {

/* Begin PBXBuildFile section */
		D0089D742AED02B100372DEF /* LocationCell.swift in Sources */ = {isa = PBXBuildFile; fileRef = D0089D732AED02B100372DEF /* LocationCell.swift */; };
		D06577902AE139BC003C3EDB /* MyLocations.xcdatamodeld in Sources */ = {isa = PBXBuildFile; fileRef = D065778E2AE139BC003C3EDB /* MyLocations.xcdatamodeld */; };
		D06577932AE13C73003C3EDB /* Location+CoreDataClass.swift in Sources */ = {isa = PBXBuildFile; fileRef = D06577912AE13C73003C3EDB /* Location+CoreDataClass.swift */; };
		D06577942AE13C73003C3EDB /* Location+CoreDataProperties.swift in Sources */ = {isa = PBXBuildFile; fileRef = D06577922AE13C73003C3EDB /* Location+CoreDataProperties.swift */; };
		D06577F62AEA75FE003C3EDB /* LocationsViewController.swift in Sources */ = {isa = PBXBuildFile; fileRef = D06577F52AEA75FE003C3EDB /* LocationsViewController.swift */; };
		D08FBF3A2ADDC69A00935B42 /* HudView.swift in Sources */ = {isa = PBXBuildFile; fileRef = D08FBF392ADDC69A00935B42 /* HudView.swift */; };
		D08FBF3C2ADE705700935B42 /* Functions.swift in Sources */ = {isa = PBXBuildFile; fileRef = D08FBF3B2ADE705600935B42 /* Functions.swift */; };
		D0A78AD52ADB232200B53309 /* CategoryPickerViewController.swift in Sources */ = {isa = PBXBuildFile; fileRef = D0A78AD42ADB232200B53309 /* CategoryPickerViewController.swift */; };
		D0AEDA242AD49A4200C95E82 /* LocationDetailsViewController.swift in Sources */ = {isa = PBXBuildFile; fileRef = D0AEDA232AD49A4200C95E82 /* LocationDetailsViewController.swift */; };
		D0B828B42AC4C9F8005508BD /* AppDelegate.swift in Sources */ = {isa = PBXBuildFile; fileRef = D0B828B32AC4C9F8005508BD /* AppDelegate.swift */; };
		D0B828B62AC4C9F8005508BD /* SceneDelegate.swift in Sources */ = {isa = PBXBuildFile; fileRef = D0B828B52AC4C9F8005508BD /* SceneDelegate.swift */; };
		D0B828B82AC4C9F8005508BD /* CurrentLocationViewController.swift in Sources */ = {isa = PBXBuildFile; fileRef = D0B828B72AC4C9F8005508BD /* CurrentLocationViewController.swift */; };
		D0B828BB2AC4C9F8005508BD /* Main.storyboard in Resources */ = {isa = PBXBuildFile; fileRef = D0B828B92AC4C9F8005508BD /* Main.storyboard */; };
		D0B828BD2AC4C9FB005508BD /* Assets.xcassets in Resources */ = {isa = PBXBuildFile; fileRef = D0B828BC2AC4C9FB005508BD /* Assets.xcassets */; };
		D0B828C02AC4C9FB005508BD /* LaunchScreen.storyboard in Resources */ = {isa = PBXBuildFile; fileRef = D0B828BE2AC4C9FB005508BD /* LaunchScreen.storyboard */; };
/* End PBXBuildFile section */

/* Begin PBXFileReference section */
		D0089D732AED02B100372DEF /* LocationCell.swift */ = {isa = PBXFileReference; lastKnownFileType = sourcecode.swift; path = LocationCell.swift; sourceTree = "<group>"; };
		D065778F2AE139BC003C3EDB /* DataModel.xcdatamodel */ = {isa = PBXFileReference; lastKnownFileType = wrapper.xcdatamodel; path = DataModel.xcdatamodel; sourceTree = "<group>"; };
		D06577912AE13C73003C3EDB /* Location+CoreDataClass.swift */ = {isa = PBXFileReference; lastKnownFileType = sourcecode.swift; path = "Location+CoreDataClass.swift"; sourceTree = "<group>"; };
		D06577922AE13C73003C3EDB /* Location+CoreDataProperties.swift */ = {isa = PBXFileReference; lastKnownFileType = sourcecode.swift; path = "Location+CoreDataProperties.swift"; sourceTree = "<group>"; };
		D06577F52AEA75FE003C3EDB /* LocationsViewController.swift */ = {isa = PBXFileReference; lastKnownFileType = sourcecode.swift; path = LocationsViewController.swift; sourceTree = "<group>"; };
		D08FBF392ADDC69A00935B42 /* HudView.swift */ = {isa = PBXFileReference; lastKnownFileType = sourcecode.swift; path = HudView.swift; sourceTree = "<group>"; };
		D08FBF3B2ADE705600935B42 /* Functions.swift */ = {isa = PBXFileReference; lastKnownFileType = sourcecode.swift; path = Functions.swift; sourceTree = "<group>"; };
		D0A78AD42ADB232200B53309 /* CategoryPickerViewController.swift */ = {isa = PBXFileReference; lastKnownFileType = sourcecode.swift; path = CategoryPickerViewController.swift; sourceTree = "<group>"; };
		D0AEDA232AD49A4200C95E82 /* LocationDetailsViewController.swift */ = {isa = PBXFileReference; lastKnownFileType = sourcecode.swift; path = LocationDetailsViewController.swift; sourceTree = "<group>"; };
		D0B828B02AC4C9F8005508BD /* MyLocations.app */ = {isa = PBXFileReference; explicitFileType = wrapper.application; includeInIndex = 0; path = MyLocations.app; sourceTree = BUILT_PRODUCTS_DIR; };
		D0B828B32AC4C9F8005508BD /* AppDelegate.swift */ = {isa = PBXFileReference; lastKnownFileType = sourcecode.swift; path = AppDelegate.swift; sourceTree = "<group>"; };
		D0B828B52AC4C9F8005508BD /* SceneDelegate.swift */ = {isa = PBXFileReference; lastKnownFileType = sourcecode.swift; path = SceneDelegate.swift; sourceTree = "<group>"; };
		D0B828B72AC4C9F8005508BD /* CurrentLocationViewController.swift */ = {isa = PBXFileReference; lastKnownFileType = sourcecode.swift; path = CurrentLocationViewController.swift; sourceTree = "<group>"; };
		D0B828BA2AC4C9F8005508BD /* Base */ = {isa = PBXFileReference; lastKnownFileType = file.storyboard; name = Base; path = Base.lproj/Main.storyboard; sourceTree = "<group>"; };
		D0B828BC2AC4C9FB005508BD /* Assets.xcassets */ = {isa = PBXFileReference; lastKnownFileType = folder.assetcatalog; path = Assets.xcassets; sourceTree = "<group>"; };
		D0B828BF2AC4C9FB005508BD /* Base */ = {isa = PBXFileReference; lastKnownFileType = file.storyboard; name = Base; path = Base.lproj/LaunchScreen.storyboard; sourceTree = "<group>"; };
		D0B828C12AC4C9FB005508BD /* Info.plist */ = {isa = PBXFileReference; lastKnownFileType = text.plist.xml; path = Info.plist; sourceTree = "<group>"; };
/* End PBXFileReference section */

/* Begin PBXFrameworksBuildPhase section */
		D0B828AD2AC4C9F8005508BD /* Frameworks */ = {
			isa = PBXFrameworksBuildPhase;
			buildActionMask = 2147483647;
			files = (
			);
			runOnlyForDeploymentPostprocessing = 0;
		};
/* End PBXFrameworksBuildPhase section */

/* Begin PBXGroup section */
		D0B828A72AC4C9F7005508BD = {
			isa = PBXGroup;
			children = (
				D0B828B22AC4C9F8005508BD /* MyLocations */,
				D0B828B12AC4C9F8005508BD /* Products */,
			);
			sourceTree = "<group>";
		};
		D0B828B12AC4C9F8005508BD /* Products */ = {
			isa = PBXGroup;
			children = (
				D0B828B02AC4C9F8005508BD /* MyLocations.app */,
			);
			name = Products;
			sourceTree = "<group>";
		};
		D0B828B22AC4C9F8005508BD /* MyLocations */ = {
			isa = PBXGroup;
			children = (
				D08FBF392ADDC69A00935B42 /* HudView.swift */,
				D0B828B32AC4C9F8005508BD /* AppDelegate.swift */,
				D0AEDA232AD49A4200C95E82 /* LocationDetailsViewController.swift */,
				D0B828B52AC4C9F8005508BD /* SceneDelegate.swift */,
				D0B828B72AC4C9F8005508BD /* CurrentLocationViewController.swift */,
				D0A78AD42ADB232200B53309 /* CategoryPickerViewController.swift */,
				D0B828B92AC4C9F8005508BD /* Main.storyboard */,
				D0B828BC2AC4C9FB005508BD /* Assets.xcassets */,
				D0B828BE2AC4C9FB005508BD /* LaunchScreen.storyboard */,
				D0B828C12AC4C9FB005508BD /* Info.plist */,
				D08FBF3B2ADE705600935B42 /* Functions.swift */,
				D065778E2AE139BC003C3EDB /* MyLocations.xcdatamodeld */,
				D06577922AE13C73003C3EDB /* Location+CoreDataProperties.swift */,
				D06577912AE13C73003C3EDB /* Location+CoreDataClass.swift */,
				D06577F52AEA75FE003C3EDB /* LocationsViewController.swift */,
				D0089D732AED02B100372DEF /* LocationCell.swift */,
			);
			path = MyLocations;
			sourceTree = "<group>";
		};
/* End PBXGroup section */

/* Begin PBXNativeTarget section */
		D0B828AF2AC4C9F8005508BD /* MyLocations */ = {
			isa = PBXNativeTarget;
			buildConfigurationList = D0B828C42AC4C9FB005508BD /* Build configuration list for PBXNativeTarget "MyLocations" */;
			buildPhases = (
				D0B828AC2AC4C9F8005508BD /* Sources */,
				D0B828AD2AC4C9F8005508BD /* Frameworks */,
				D0B828AE2AC4C9F8005508BD /* Resources */,
			);
			buildRules = (
			);
			dependencies = (
			);
			name = MyLocations;
			productName = MyLocations;
			productReference = D0B828B02AC4C9F8005508BD /* MyLocations.app */;
			productType = "com.apple.product-type.application";
		};
/* End PBXNativeTarget section */

/* Begin PBXProject section */
		D0B828A82AC4C9F7005508BD /* Project object */ = {
			isa = PBXProject;
			attributes = {
				BuildIndependentTargetsInParallel = 1;
				LastSwiftUpdateCheck = 1500;
				LastUpgradeCheck = 1500;
				TargetAttributes = {
					D0B828AF2AC4C9F8005508BD = {
						CreatedOnToolsVersion = 15.0;
					};
				};
			};
			buildConfigurationList = D0B828AB2AC4C9F7005508BD /* Build configuration list for PBXProject "MyLocations" */;
			compatibilityVersion = "Xcode 14.0";
			developmentRegion = en;
			hasScannedForEncodings = 0;
			knownRegions = (
				en,
				Base,
			);
			mainGroup = D0B828A72AC4C9F7005508BD;
			productRefGroup = D0B828B12AC4C9F8005508BD /* Products */;
			projectDirPath = "";
			projectRoot = "";
			targets = (
				D0B828AF2AC4C9F8005508BD /* MyLocations */,
			);
		};
/* End PBXProject section */

/* Begin PBXResourcesBuildPhase section */
		D0B828AE2AC4C9F8005508BD /* Resources */ = {
			isa = PBXResourcesBuildPhase;
			buildActionMask = 2147483647;
			files = (
				D0B828C02AC4C9FB005508BD /* LaunchScreen.storyboard in Resources */,
				D0B828BD2AC4C9FB005508BD /* Assets.xcassets in Resources */,
				D0B828BB2AC4C9F8005508BD /* Main.storyboard in Resources */,
			);
			runOnlyForDeploymentPostprocessing = 0;
		};
/* End PBXResourcesBuildPhase section */

/* Begin PBXSourcesBuildPhase section */
		D0B828AC2AC4C9F8005508BD /* Sources */ = {
			isa = PBXSourcesBuildPhase;
			buildActionMask = 2147483647;
			files = (
				D0AEDA242AD49A4200C95E82 /* LocationDetailsViewController.swift in Sources */,
				D06577902AE139BC003C3EDB /* MyLocations.xcdatamodeld in Sources */,
				D0B828B82AC4C9F8005508BD /* CurrentLocationViewController.swift in Sources */,
				D08FBF3A2ADDC69A00935B42 /* HudView.swift in Sources */,
				D06577F62AEA75FE003C3EDB /* LocationsViewController.swift in Sources */,
				D06577942AE13C73003C3EDB /* Location+CoreDataProperties.swift in Sources */,
				D0089D742AED02B100372DEF /* LocationCell.swift in Sources */,
				D08FBF3C2ADE705700935B42 /* Functions.swift in Sources */,
				D0B828B42AC4C9F8005508BD /* AppDelegate.swift in Sources */,
				D06577932AE13C73003C3EDB /* Location+CoreDataClass.swift in Sources */,
				D0A78AD52ADB232200B53309 /* CategoryPickerViewController.swift in Sources */,
				D0B828B62AC4C9F8005508BD /* SceneDelegate.swift in Sources */,
			);
			runOnlyForDeploymentPostprocessing = 0;
		};
/* End PBXSourcesBuildPhase section */

/* Begin PBXVariantGroup section */
		D0B828B92AC4C9F8005508BD /* Main.storyboard */ = {
			isa = PBXVariantGroup;
			children = (
				D0B828BA2AC4C9F8005508BD /* Base */,
			);
			name = Main.storyboard;
			sourceTree = "<group>";
		};
		D0B828BE2AC4C9FB005508BD /* LaunchScreen.storyboard */ = {
			isa = PBXVariantGroup;
			children = (
				D0B828BF2AC4C9FB005508BD /* Base */,
			);
			name = LaunchScreen.storyboard;
			sourceTree = "<group>";
		};
/* End PBXVariantGroup section */

/* Begin XCBuildConfiguration section */
		D0B828C22AC4C9FB005508BD /* Debug */ = {
			isa = XCBuildConfiguration;
			buildSettings = {
				ALWAYS_SEARCH_USER_PATHS = NO;
				ASSETCATALOG_COMPILER_GENERATE_SWIFT_ASSET_SYMBOL_EXTENSIONS = YES;
				CLANG_ANALYZER_NONNULL = YES;
				CLANG_ANALYZER_NUMBER_OBJECT_CONVERSION = YES_AGGRESSIVE;
				CLANG_CXX_LANGUAGE_STANDARD = "gnu++20";
				CLANG_ENABLE_MODULES = YES;
				CLANG_ENABLE_OBJC_ARC = YES;
				CLANG_ENABLE_OBJC_WEAK = YES;
				CLANG_WARN_BLOCK_CAPTURE_AUTORELEASING = YES;
				CLANG_WARN_BOOL_CONVERSION = YES;
				CLANG_WARN_COMMA = YES;
				CLANG_WARN_CONSTANT_CONVERSION = YES;
				CLANG_WARN_DEPRECATED_OBJC_IMPLEMENTATIONS = YES;
				CLANG_WARN_DIRECT_OBJC_ISA_USAGE = YES_ERROR;
				CLANG_WARN_DOCUMENTATION_COMMENTS = YES;
				CLANG_WARN_EMPTY_BODY = YES;
				CLANG_WARN_ENUM_CONVERSION = YES;
				CLANG_WARN_INFINITE_RECURSION = YES;
				CLANG_WARN_INT_CONVERSION = YES;
				CLANG_WARN_NON_LITERAL_NULL_CONVERSION = YES;
				CLANG_WARN_OBJC_IMPLICIT_RETAIN_SELF = YES;
				CLANG_WARN_OBJC_LITERAL_CONVERSION = YES;
				CLANG_WARN_OBJC_ROOT_CLASS = YES_ERROR;
				CLANG_WARN_QUOTED_INCLUDE_IN_FRAMEWORK_HEADER = YES;
				CLANG_WARN_RANGE_LOOP_ANALYSIS = YES;
				CLANG_WARN_STRICT_PROTOTYPES = YES;
				CLANG_WARN_SUSPICIOUS_MOVE = YES;
				CLANG_WARN_UNGUARDED_AVAILABILITY = YES_AGGRESSIVE;
				CLANG_WARN_UNREACHABLE_CODE = YES;
				CLANG_WARN__DUPLICATE_METHOD_MATCH = YES;
				COPY_PHASE_STRIP = NO;
				DEBUG_INFORMATION_FORMAT = dwarf;
				ENABLE_STRICT_OBJC_MSGSEND = YES;
				ENABLE_TESTABILITY = YES;
				ENABLE_USER_SCRIPT_SANDBOXING = YES;
				GCC_C_LANGUAGE_STANDARD = gnu17;
				GCC_DYNAMIC_NO_PIC = NO;
				GCC_NO_COMMON_BLOCKS = YES;
				GCC_OPTIMIZATION_LEVEL = 0;
				GCC_PREPROCESSOR_DEFINITIONS = (
					"DEBUG=1",
					"$(inherited)",
				);
				GCC_WARN_64_TO_32_BIT_CONVERSION = YES;
				GCC_WARN_ABOUT_RETURN_TYPE = YES_ERROR;
				GCC_WARN_UNDECLARED_SELECTOR = YES;
				GCC_WARN_UNINITIALIZED_AUTOS = YES_AGGRESSIVE;
				GCC_WARN_UNUSED_FUNCTION = YES;
				GCC_WARN_UNUSED_VARIABLE = YES;
				IPHONEOS_DEPLOYMENT_TARGET = 17.0;
				LOCALIZATION_PREFERS_STRING_CATALOGS = YES;
				MTL_ENABLE_DEBUG_INFO = INCLUDE_SOURCE;
				MTL_FAST_MATH = YES;
				ONLY_ACTIVE_ARCH = YES;
				SDKROOT = iphoneos;
				SWIFT_ACTIVE_COMPILATION_CONDITIONS = "DEBUG $(inherited)";
				SWIFT_OPTIMIZATION_LEVEL = "-Onone";
			};
			name = Debug;
		};
		D0B828C32AC4C9FB005508BD /* Release */ = {
			isa = XCBuildConfiguration;
			buildSettings = {
				ALWAYS_SEARCH_USER_PATHS = NO;
				ASSETCATALOG_COMPILER_GENERATE_SWIFT_ASSET_SYMBOL_EXTENSIONS = YES;
				CLANG_ANALYZER_NONNULL = YES;
				CLANG_ANALYZER_NUMBER_OBJECT_CONVERSION = YES_AGGRESSIVE;
				CLANG_CXX_LANGUAGE_STANDARD = "gnu++20";
				CLANG_ENABLE_MODULES = YES;
				CLANG_ENABLE_OBJC_ARC = YES;
				CLANG_ENABLE_OBJC_WEAK = YES;
				CLANG_WARN_BLOCK_CAPTURE_AUTORELEASING = YES;
				CLANG_WARN_BOOL_CONVERSION = YES;
				CLANG_WARN_COMMA = YES;
				CLANG_WARN_CONSTANT_CONVERSION = YES;
				CLANG_WARN_DEPRECATED_OBJC_IMPLEMENTATIONS = YES;
				CLANG_WARN_DIRECT_OBJC_ISA_USAGE = YES_ERROR;
				CLANG_WARN_DOCUMENTATION_COMMENTS = YES;
				CLANG_WARN_EMPTY_BODY = YES;
				CLANG_WARN_ENUM_CONVERSION = YES;
				CLANG_WARN_INFINITE_RECURSION = YES;
				CLANG_WARN_INT_CONVERSION = YES;
				CLANG_WARN_NON_LITERAL_NULL_CONVERSION = YES;
				CLANG_WARN_OBJC_IMPLICIT_RETAIN_SELF = YES;
				CLANG_WARN_OBJC_LITERAL_CONVERSION = YES;
				CLANG_WARN_OBJC_ROOT_CLASS = YES_ERROR;
				CLANG_WARN_QUOTED_INCLUDE_IN_FRAMEWORK_HEADER = YES;
				CLANG_WARN_RANGE_LOOP_ANALYSIS = YES;
				CLANG_WARN_STRICT_PROTOTYPES = YES;
				CLANG_WARN_SUSPICIOUS_MOVE = YES;
				CLANG_WARN_UNGUARDED_AVAILABILITY = YES_AGGRESSIVE;
				CLANG_WARN_UNREACHABLE_CODE = YES;
				CLANG_WARN__DUPLICATE_METHOD_MATCH = YES;
				COPY_PHASE_STRIP = NO;
				DEBUG_INFORMATION_FORMAT = "dwarf-with-dsym";
				ENABLE_NS_ASSERTIONS = NO;
				ENABLE_STRICT_OBJC_MSGSEND = YES;
				ENABLE_USER_SCRIPT_SANDBOXING = YES;
				GCC_C_LANGUAGE_STANDARD = gnu17;
				GCC_NO_COMMON_BLOCKS = YES;
				GCC_WARN_64_TO_32_BIT_CONVERSION = YES;
				GCC_WARN_ABOUT_RETURN_TYPE = YES_ERROR;
				GCC_WARN_UNDECLARED_SELECTOR = YES;
				GCC_WARN_UNINITIALIZED_AUTOS = YES_AGGRESSIVE;
				GCC_WARN_UNUSED_FUNCTION = YES;
				GCC_WARN_UNUSED_VARIABLE = YES;
				IPHONEOS_DEPLOYMENT_TARGET = 17.0;
				LOCALIZATION_PREFERS_STRING_CATALOGS = YES;
				MTL_ENABLE_DEBUG_INFO = NO;
				MTL_FAST_MATH = YES;
				SDKROOT = iphoneos;
				SWIFT_COMPILATION_MODE = wholemodule;
				VALIDATE_PRODUCT = YES;
			};
			name = Release;
		};
		D0B828C52AC4C9FB005508BD /* Debug */ = {
			isa = XCBuildConfiguration;
			buildSettings = {
				ASSETCATALOG_COMPILER_APPICON_NAME = AppIcon;
				ASSETCATALOG_COMPILER_GLOBAL_ACCENT_COLOR_NAME = AccentColor;
				CODE_SIGN_STYLE = Automatic;
				CURRENT_PROJECT_VERSION = 1;
				DEVELOPMENT_TEAM = XUYG7TPG2C;
				GENERATE_INFOPLIST_FILE = YES;
				INFOPLIST_FILE = MyLocations/Info.plist;
				INFOPLIST_KEY_LSApplicationCategoryType = "";
				INFOPLIST_KEY_NSLocationWhenInUseUsageDescription = "This app lets you keep track of interesting places. It needs access to the GPS\ncoordinates for your location.";
				INFOPLIST_KEY_UIApplicationSupportsIndirectInputEvents = YES;
				INFOPLIST_KEY_UILaunchStoryboardName = LaunchScreen;
				INFOPLIST_KEY_UIMainStoryboardFile = Main;
				INFOPLIST_KEY_UIRequiredDeviceCapabilities = "location-services";
				INFOPLIST_KEY_UISupportedInterfaceOrientations_iPad = "UIInterfaceOrientationPortrait UIInterfaceOrientationPortraitUpsideDown UIInterfaceOrientationLandscapeLeft UIInterfaceOrientationLandscapeRight";
				INFOPLIST_KEY_UISupportedInterfaceOrientations_iPhone = "UIInterfaceOrientationPortrait UIInterfaceOrientationLandscapeLeft UIInterfaceOrientationLandscapeRight";
				LD_RUNPATH_SEARCH_PATHS = (
					"$(inherited)",
					"@executable_path/Frameworks",
				);
				MARKETING_VERSION = 1.0;
				PRODUCT_BUNDLE_IDENTIFIER = com.bolotska.MyLocations;
				PRODUCT_NAME = "$(TARGET_NAME)";
				SWIFT_EMIT_LOC_STRINGS = YES;
				SWIFT_VERSION = 5.0;
				TARGETED_DEVICE_FAMILY = "1,2";
			};
			name = Debug;
		};
		D0B828C62AC4C9FB005508BD /* Release */ = {
			isa = XCBuildConfiguration;
			buildSettings = {
				ASSETCATALOG_COMPILER_APPICON_NAME = AppIcon;
				ASSETCATALOG_COMPILER_GLOBAL_ACCENT_COLOR_NAME = AccentColor;
				CODE_SIGN_STYLE = Automatic;
				CURRENT_PROJECT_VERSION = 1;
				DEVELOPMENT_TEAM = XUYG7TPG2C;
				GENERATE_INFOPLIST_FILE = YES;
				INFOPLIST_FILE = MyLocations/Info.plist;
				INFOPLIST_KEY_LSApplicationCategoryType = "";
				INFOPLIST_KEY_NSLocationWhenInUseUsageDescription = "This app lets you keep track of interesting places. It needs access to the GPS\ncoordinates for your location.";
				INFOPLIST_KEY_UIApplicationSupportsIndirectInputEvents = YES;
				INFOPLIST_KEY_UILaunchStoryboardName = LaunchScreen;
				INFOPLIST_KEY_UIMainStoryboardFile = Main;
				INFOPLIST_KEY_UIRequiredDeviceCapabilities = "location-services";
				INFOPLIST_KEY_UISupportedInterfaceOrientations_iPad = "UIInterfaceOrientationPortrait UIInterfaceOrientationPortraitUpsideDown UIInterfaceOrientationLandscapeLeft UIInterfaceOrientationLandscapeRight";
				INFOPLIST_KEY_UISupportedInterfaceOrientations_iPhone = "UIInterfaceOrientationPortrait UIInterfaceOrientationLandscapeLeft UIInterfaceOrientationLandscapeRight";
				LD_RUNPATH_SEARCH_PATHS = (
					"$(inherited)",
					"@executable_path/Frameworks",
				);
				MARKETING_VERSION = 1.0;
				PRODUCT_BUNDLE_IDENTIFIER = com.bolotska.MyLocations;
				PRODUCT_NAME = "$(TARGET_NAME)";
				SWIFT_EMIT_LOC_STRINGS = YES;
				SWIFT_VERSION = 5.0;
				TARGETED_DEVICE_FAMILY = "1,2";
			};
			name = Release;
		};
/* End XCBuildConfiguration section */

/* Begin XCConfigurationList section */
		D0B828AB2AC4C9F7005508BD /* Build configuration list for PBXProject "MyLocations" */ = {
			isa = XCConfigurationList;
			buildConfigurations = (
				D0B828C22AC4C9FB005508BD /* Debug */,
				D0B828C32AC4C9FB005508BD /* Release */,
			);
			defaultConfigurationIsVisible = 0;
			defaultConfigurationName = Release;
		};
		D0B828C42AC4C9FB005508BD /* Build configuration list for PBXNativeTarget "MyLocations" */ = {
			isa = XCConfigurationList;
			buildConfigurations = (
				D0B828C52AC4C9FB005508BD /* Debug */,
				D0B828C62AC4C9FB005508BD /* Release */,
			);
			defaultConfigurationIsVisible = 0;
			defaultConfigurationName = Release;
		};
/* End XCConfigurationList section */

/* Begin XCVersionGroup section */
		D065778E2AE139BC003C3EDB /* MyLocations.xcdatamodeld */ = {
			isa = XCVersionGroup;
			children = (
				D065778F2AE139BC003C3EDB /* DataModel.xcdatamodel */,
			);
			currentVersion = D065778F2AE139BC003C3EDB /* DataModel.xcdatamodel */;
			path = MyLocations.xcdatamodeld;
			sourceTree = "<group>";
			versionGroupType = wrapper.xcdatamodel;
		};
/* End XCVersionGroup section */
	};
	rootObject = D0B828A82AC4C9F7005508BD /* Project object */;
}
